
Microsoft Visual Studio Solution File, Format Version 12.00
# Visual Studio Version 17
VisualStudioVersion = 17.2.32526.322
MinimumVisualStudioVersion = 10.0.40219.1
Project("{FAE04EC0-301F-11D3-BF4B-00C04F79EFBC}") = "Delegate", "Delegate.csproj", "{152535AA-C6F5-4DBB-B177-F6DAA403AB61}"
EndProject
Global
	GlobalSection(SolutionConfigurationPlatforms) = preSolution
		Debug|Any CPU = Debug|Any CPU
		Release|Any CPU = Release|Any CPU
	EndGlobalSection
	GlobalSection(ProjectConfigurationPlatforms) = postSolution
		{152535AA-C6F5-4DBB-B177-F6DAA403AB61}.Debug|Any CPU.ActiveCfg = Debug|Any CPU
		{152535AA-C6F5-4DBB-B177-F6DAA403AB61}.Debug|Any CPU.Build.0 = Debug|Any CPU
		{152535AA-C6F5-4DBB-B177-F6DAA403AB61}.Release|Any CPU.ActiveCfg = Release|Any CPU
		{152535AA-C6F5-4DBB-B177-F6DAA403AB61}.Release|Any CPU.Build.0 = Release|Any CPU
	EndGlobalSection
	GlobalSection(SolutionProperties) = preSolution
		HideSolutionNode = FALSE
	EndGlobalSection
	GlobalSection(ExtensibilityGlobals) = postSolution
		SolutionGuid = {4770B032-DF44-41E5-896F-1590F3595C8F}
	EndGlobalSection
EndGlobal
