
Microsoft Visual Studio Solution File, Format Version 12.00
# Visual Studio Version 17
VisualStudioVersion = 17.2.32526.322
MinimumVisualStudioVersion = 10.0.40219.1
Project("{FAE04EC0-301F-11D3-BF4B-00C04F79EFBC}") = "ArrayOperation", "ArrayOperation.csproj", "{FA58B920-B1F8-4F47-ABEE-4820E5AC9525}"
EndProject
Global
	GlobalSection(SolutionConfigurationPlatforms) = preSolution
		Debug|Any CPU = Debug|Any CPU
		Release|Any CPU = Release|Any CPU
	EndGlobalSection
	GlobalSection(ProjectConfigurationPlatforms) = postSolution
		{FA58B920-B1F8-4F47-ABEE-4820E5AC9525}.Debug|Any CPU.ActiveCfg = Debug|Any CPU
		{FA58B920-B1F8-4F47-ABEE-4820E5AC9525}.Debug|Any CPU.Build.0 = Debug|Any CPU
		{FA58B920-B1F8-4F47-ABEE-4820E5AC9525}.Release|Any CPU.ActiveCfg = Release|Any CPU
		{FA58B920-B1F8-4F47-ABEE-4820E5AC9525}.Release|Any CPU.Build.0 = Release|Any CPU
	EndGlobalSection
	GlobalSection(SolutionProperties) = preSolution
		HideSolutionNode = FALSE
	EndGlobalSection
	GlobalSection(ExtensibilityGlobals) = postSolution
		SolutionGuid = {78480CE2-AEAE-418C-8575-142496F52445}
	EndGlobalSection
EndGlobal
