
Microsoft Visual Studio Solution File, Format Version 12.00
# Visual Studio Version 17
VisualStudioVersion = 17.2.32526.322
MinimumVisualStudioVersion = 10.0.40219.1
Project("{FAE04EC0-301F-11D3-BF4B-00C04F79EFBC}") = "GenericApp", "GenericApp.csproj", "{237ADBFE-5A53-4F6C-992C-4F608932867D}"
EndProject
Global
	GlobalSection(SolutionConfigurationPlatforms) = preSolution
		Debug|Any CPU = Debug|Any CPU
		Release|Any CPU = Release|Any CPU
	EndGlobalSection
	GlobalSection(ProjectConfigurationPlatforms) = postSolution
		{237ADBFE-5A53-4F6C-992C-4F608932867D}.Debug|Any CPU.ActiveCfg = Debug|Any CPU
		{237ADBFE-5A53-4F6C-992C-4F608932867D}.Debug|Any CPU.Build.0 = Debug|Any CPU
		{237ADBFE-5A53-4F6C-992C-4F608932867D}.Release|Any CPU.ActiveCfg = Release|Any CPU
		{237ADBFE-5A53-4F6C-992C-4F608932867D}.Release|Any CPU.Build.0 = Release|Any CPU
	EndGlobalSection
	GlobalSection(SolutionProperties) = preSolution
		HideSolutionNode = FALSE
	EndGlobalSection
	GlobalSection(ExtensibilityGlobals) = postSolution
		SolutionGuid = {13AA7D08-64C4-4EF6-8FD3-6CA59CCFEF56}
	EndGlobalSection
EndGlobal
